// !$*UTF8*$!
{
	archiveVersion = 1;
	classes = {
	};
	objectVersion = 51;
	objects = {

/* Begin PBXBuildFile section */
		1E232F109D6F75E36380D76F /* Pods_Indra_IndraUITests.framework in Frameworks */ = {isa = PBXBuildFile; fileRef = B7C7B12094BA4E02BA2C2FBE /* Pods_Indra_IndraUITests.framework */; };
		31F2383E4C8AAE54B69AC1CF /* Pods_IndraTests.framework in Frameworks */ = {isa = PBXBuildFile; fileRef = 7D6395CE3F0157EEE52CAC78 /* Pods_IndraTests.framework */; };
		DECAA62845299628DF5330FC /* Pods_Indra.framework in Frameworks */ = {isa = PBXBuildFile; fileRef = 8B01D0D2C984019693F78275 /* Pods_Indra.framework */; };
		FA2264BB25BF020300A7F018 /* AppDelegate.swift in Sources */ = {isa = PBXBuildFile; fileRef = FA2264BA25BF020300A7F018 /* AppDelegate.swift */; };
		FA2264BD25BF020300A7F018 /* SceneDelegate.swift in Sources */ = {isa = PBXBuildFile; fileRef = FA2264BC25BF020300A7F018 /* SceneDelegate.swift */; };
		FA2264C525BF020400A7F018 /* Indra.xcdatamodeld in Sources */ = {isa = PBXBuildFile; fileRef = FA2264C325BF020400A7F018 /* Indra.xcdatamodeld */; };
		FA2264C725BF020900A7F018 /* Assets.xcassets in Resources */ = {isa = PBXBuildFile; fileRef = FA2264C625BF020900A7F018 /* Assets.xcassets */; };
		FA2264CA25BF020900A7F018 /* LaunchScreen.storyboard in Resources */ = {isa = PBXBuildFile; fileRef = FA2264C825BF020900A7F018 /* LaunchScreen.storyboard */; };
		FA2264D525BF020900A7F018 /* IndraTests.swift in Sources */ = {isa = PBXBuildFile; fileRef = FA2264D425BF020900A7F018 /* IndraTests.swift */; };
		FA2264E025BF020900A7F018 /* IndraUITests.swift in Sources */ = {isa = PBXBuildFile; fileRef = FA2264DF25BF020900A7F018 /* IndraUITests.swift */; };
		FA2264FD25BF090700A7F018 /* DBMoviesTableViewController.swift in Sources */ = {isa = PBXBuildFile; fileRef = FA2264FC25BF090700A7F018 /* DBMoviesTableViewController.swift */; };
		FA2264FF25BF091E00A7F018 /* DBMoviesTableViewController.storyboard in Resources */ = {isa = PBXBuildFile; fileRef = FA2264FE25BF091E00A7F018 /* DBMoviesTableViewController.storyboard */; };
		FA22650625BF1A6600A7F018 /* DBBaseViewController.swift in Sources */ = {isa = PBXBuildFile; fileRef = FA22650525BF1A6600A7F018 /* DBBaseViewController.swift */; };
		FA22650825BF1E4000A7F018 /* DBMovieDetailCollectionViewController.swift in Sources */ = {isa = PBXBuildFile; fileRef = FA22650725BF1E4000A7F018 /* DBMovieDetailCollectionViewController.swift */; };
		FA22650B25BF203700A7F018 /* DBMoviesViewModel.swift in Sources */ = {isa = PBXBuildFile; fileRef = FA22650A25BF203700A7F018 /* DBMoviesViewModel.swift */; };
		FA22650D25BF206E00A7F018 /* DBWebService.swift in Sources */ = {isa = PBXBuildFile; fileRef = FA22650C25BF206E00A7F018 /* DBWebService.swift */; };
		FA22651425BF272000A7F018 /* DBMovies.swift in Sources */ = {isa = PBXBuildFile; fileRef = FA22651325BF272000A7F018 /* DBMovies.swift */; };
		FA22651625BF2A6200A7F018 /* DBMoviesViewModelController.swift in Sources */ = {isa = PBXBuildFile; fileRef = FA22651525BF2A6200A7F018 /* DBMoviesViewModelController.swift */; };
		FA22651825BF2EFC00A7F018 /* Main.storyboard in Resources */ = {isa = PBXBuildFile; fileRef = FA22651725BF2EFB00A7F018 /* Main.storyboard */; };
		FA22651A25BF2F0200A7F018 /* ViewController.swift in Sources */ = {isa = PBXBuildFile; fileRef = FA22651925BF2F0200A7F018 /* ViewController.swift */; };
		FA22651D25BF395400A7F018 /* DBMovieTableViewCell.swift in Sources */ = {isa = PBXBuildFile; fileRef = FA22651C25BF395400A7F018 /* DBMovieTableViewCell.swift */; };
		FA22652425BF447E00A7F018 /* DBMovieDetailCollectionViewCell.swift in Sources */ = {isa = PBXBuildFile; fileRef = FA22652325BF447E00A7F018 /* DBMovieDetailCollectionViewCell.swift */; };
		FA22652625BF44EE00A7F018 /* DBMovieDetailViewModelController.swift in Sources */ = {isa = PBXBuildFile; fileRef = FA22652525BF44EE00A7F018 /* DBMovieDetailViewModelController.swift */; };
		FA22652D25BF464600A7F018 /* DBItem.swift in Sources */ = {isa = PBXBuildFile; fileRef = FA22652C25BF464600A7F018 /* DBItem.swift */; };
/* End PBXBuildFile section */

/* Begin PBXContainerItemProxy section */
		FA2264D125BF020900A7F018 /* PBXContainerItemProxy */ = {
			isa = PBXContainerItemProxy;
			containerPortal = FA2264AF25BF020300A7F018 /* Project object */;
			proxyType = 1;
			remoteGlobalIDString = FA2264B625BF020300A7F018;
			remoteInfo = Indra;
		};
		FA2264DC25BF020900A7F018 /* PBXContainerItemProxy */ = {
			isa = PBXContainerItemProxy;
			containerPortal = FA2264AF25BF020300A7F018 /* Project object */;
			proxyType = 1;
			remoteGlobalIDString = FA2264B625BF020300A7F018;
			remoteInfo = Indra;
		};
/* End PBXContainerItemProxy section */

/* Begin PBXFileReference section */
		0F2197D89CD9CA02EB55B483 /* Pods-Indra.debug.xcconfig */ = {isa = PBXFileReference; includeInIndex = 1; lastKnownFileType = text.xcconfig; name = "Pods-Indra.debug.xcconfig"; path = "Target Support Files/Pods-Indra/Pods-Indra.debug.xcconfig"; sourceTree = "<group>"; };
		2D2F212702DD14C1552A4F34 /* Pods-IndraTests.release.xcconfig */ = {isa = PBXFileReference; includeInIndex = 1; lastKnownFileType = text.xcconfig; name = "Pods-IndraTests.release.xcconfig"; path = "Target Support Files/Pods-IndraTests/Pods-IndraTests.release.xcconfig"; sourceTree = "<group>"; };
		74AFAFC6391952CD6039956F /* Pods-Indra.release.xcconfig */ = {isa = PBXFileReference; includeInIndex = 1; lastKnownFileType = text.xcconfig; name = "Pods-Indra.release.xcconfig"; path = "Target Support Files/Pods-Indra/Pods-Indra.release.xcconfig"; sourceTree = "<group>"; };
		7D6395CE3F0157EEE52CAC78 /* Pods_IndraTests.framework */ = {isa = PBXFileReference; explicitFileType = wrapper.framework; includeInIndex = 0; path = Pods_IndraTests.framework; sourceTree = BUILT_PRODUCTS_DIR; };
		8B01D0D2C984019693F78275 /* Pods_Indra.framework */ = {isa = PBXFileReference; explicitFileType = wrapper.framework; includeInIndex = 0; path = Pods_Indra.framework; sourceTree = BUILT_PRODUCTS_DIR; };
		93BBFB7B2AC5AF872BD10871 /* Pods-Indra-IndraUITests.debug.xcconfig */ = {isa = PBXFileReference; includeInIndex = 1; lastKnownFileType = text.xcconfig; name = "Pods-Indra-IndraUITests.debug.xcconfig"; path = "Target Support Files/Pods-Indra-IndraUITests/Pods-Indra-IndraUITests.debug.xcconfig"; sourceTree = "<group>"; };
		A056B0147F8FDB0B93228824 /* Pods-Indra-IndraUITests.release.xcconfig */ = {isa = PBXFileReference; includeInIndex = 1; lastKnownFileType = text.xcconfig; name = "Pods-Indra-IndraUITests.release.xcconfig"; path = "Target Support Files/Pods-Indra-IndraUITests/Pods-Indra-IndraUITests.release.xcconfig"; sourceTree = "<group>"; };
		B7C7B12094BA4E02BA2C2FBE /* Pods_Indra_IndraUITests.framework */ = {isa = PBXFileReference; explicitFileType = wrapper.framework; includeInIndex = 0; path = Pods_Indra_IndraUITests.framework; sourceTree = BUILT_PRODUCTS_DIR; };
		C5BF4BCCC21B0BD22D3AF0F3 /* Pods-IndraTests.debug.xcconfig */ = {isa = PBXFileReference; includeInIndex = 1; lastKnownFileType = text.xcconfig; name = "Pods-IndraTests.debug.xcconfig"; path = "Target Support Files/Pods-IndraTests/Pods-IndraTests.debug.xcconfig"; sourceTree = "<group>"; };
		FA2264B725BF020300A7F018 /* Indra.app */ = {isa = PBXFileReference; explicitFileType = wrapper.application; includeInIndex = 0; path = Indra.app; sourceTree = BUILT_PRODUCTS_DIR; };
		FA2264BA25BF020300A7F018 /* AppDelegate.swift */ = {isa = PBXFileReference; lastKnownFileType = sourcecode.swift; path = AppDelegate.swift; sourceTree = "<group>"; };
		FA2264BC25BF020300A7F018 /* SceneDelegate.swift */ = {isa = PBXFileReference; lastKnownFileType = sourcecode.swift; path = SceneDelegate.swift; sourceTree = "<group>"; };
		FA2264C425BF020400A7F018 /* Indra.xcdatamodel */ = {isa = PBXFileReference; lastKnownFileType = wrapper.xcdatamodel; path = Indra.xcdatamodel; sourceTree = "<group>"; };
		FA2264C625BF020900A7F018 /* Assets.xcassets */ = {isa = PBXFileReference; lastKnownFileType = folder.assetcatalog; path = Assets.xcassets; sourceTree = "<group>"; };
		FA2264C925BF020900A7F018 /* Base */ = {isa = PBXFileReference; lastKnownFileType = file.storyboard; name = Base; path = Base.lproj/LaunchScreen.storyboard; sourceTree = "<group>"; };
		FA2264CB25BF020900A7F018 /* Info.plist */ = {isa = PBXFileReference; lastKnownFileType = text.plist.xml; path = Info.plist; sourceTree = "<group>"; };
		FA2264D025BF020900A7F018 /* IndraTests.xctest */ = {isa = PBXFileReference; explicitFileType = wrapper.cfbundle; includeInIndex = 0; path = IndraTests.xctest; sourceTree = BUILT_PRODUCTS_DIR; };
		FA2264D425BF020900A7F018 /* IndraTests.swift */ = {isa = PBXFileReference; lastKnownFileType = sourcecode.swift; path = IndraTests.swift; sourceTree = "<group>"; };
		FA2264D625BF020900A7F018 /* Info.plist */ = {isa = PBXFileReference; lastKnownFileType = text.plist.xml; path = Info.plist; sourceTree = "<group>"; };
		FA2264DB25BF020900A7F018 /* IndraUITests.xctest */ = {isa = PBXFileReference; explicitFileType = wrapper.cfbundle; includeInIndex = 0; path = IndraUITests.xctest; sourceTree = BUILT_PRODUCTS_DIR; };
		FA2264DF25BF020900A7F018 /* IndraUITests.swift */ = {isa = PBXFileReference; lastKnownFileType = sourcecode.swift; path = IndraUITests.swift; sourceTree = "<group>"; };
		FA2264E125BF020900A7F018 /* Info.plist */ = {isa = PBXFileReference; lastKnownFileType = text.plist.xml; path = Info.plist; sourceTree = "<group>"; };
		FA2264FC25BF090700A7F018 /* DBMoviesTableViewController.swift */ = {isa = PBXFileReference; lastKnownFileType = sourcecode.swift; path = DBMoviesTableViewController.swift; sourceTree = "<group>"; };
		FA2264FE25BF091E00A7F018 /* DBMoviesTableViewController.storyboard */ = {isa = PBXFileReference; lastKnownFileType = file.storyboard; path = DBMoviesTableViewController.storyboard; sourceTree = "<group>"; };
		FA22650525BF1A6600A7F018 /* DBBaseViewController.swift */ = {isa = PBXFileReference; lastKnownFileType = sourcecode.swift; path = DBBaseViewController.swift; sourceTree = "<group>"; };
		FA22650725BF1E4000A7F018 /* DBMovieDetailCollectionViewController.swift */ = {isa = PBXFileReference; lastKnownFileType = sourcecode.swift; path = DBMovieDetailCollectionViewController.swift; sourceTree = "<group>"; };
		FA22650A25BF203700A7F018 /* DBMoviesViewModel.swift */ = {isa = PBXFileReference; lastKnownFileType = sourcecode.swift; path = DBMoviesViewModel.swift; sourceTree = "<group>"; };
		FA22650C25BF206E00A7F018 /* DBWebService.swift */ = {isa = PBXFileReference; lastKnownFileType = sourcecode.swift; path = DBWebService.swift; sourceTree = "<group>"; };
		FA22651325BF272000A7F018 /* DBMovies.swift */ = {isa = PBXFileReference; lastKnownFileType = sourcecode.swift; path = DBMovies.swift; sourceTree = "<group>"; };
		FA22651525BF2A6200A7F018 /* DBMoviesViewModelController.swift */ = {isa = PBXFileReference; lastKnownFileType = sourcecode.swift; path = DBMoviesViewModelController.swift; sourceTree = "<group>"; };
		FA22651725BF2EFB00A7F018 /* Main.storyboard */ = {isa = PBXFileReference; fileEncoding = 4; lastKnownFileType = file.storyboard; path = Main.storyboard; sourceTree = "<group>"; };
		FA22651925BF2F0200A7F018 /* ViewController.swift */ = {isa = PBXFileReference; fileEncoding = 4; lastKnownFileType = sourcecode.swift; path = ViewController.swift; sourceTree = "<group>"; };
		FA22651C25BF395400A7F018 /* DBMovieTableViewCell.swift */ = {isa = PBXFileReference; lastKnownFileType = sourcecode.swift; path = DBMovieTableViewCell.swift; sourceTree = "<group>"; };
		FA22652325BF447E00A7F018 /* DBMovieDetailCollectionViewCell.swift */ = {isa = PBXFileReference; lastKnownFileType = sourcecode.swift; path = DBMovieDetailCollectionViewCell.swift; sourceTree = "<group>"; };
		FA22652525BF44EE00A7F018 /* DBMovieDetailViewModelController.swift */ = {isa = PBXFileReference; lastKnownFileType = sourcecode.swift; path = DBMovieDetailViewModelController.swift; sourceTree = "<group>"; };
		FA22652C25BF464600A7F018 /* DBItem.swift */ = {isa = PBXFileReference; lastKnownFileType = sourcecode.swift; path = DBItem.swift; sourceTree = "<group>"; };
/* End PBXFileReference section */

/* Begin PBXFrameworksBuildPhase section */
		FA2264B425BF020300A7F018 /* Frameworks */ = {
			isa = PBXFrameworksBuildPhase;
			buildActionMask = 2147483647;
			files = (
				DECAA62845299628DF5330FC /* Pods_Indra.framework in Frameworks */,
			);
			runOnlyForDeploymentPostprocessing = 0;
		};
		FA2264CD25BF020900A7F018 /* Frameworks */ = {
			isa = PBXFrameworksBuildPhase;
			buildActionMask = 2147483647;
			files = (
				31F2383E4C8AAE54B69AC1CF /* Pods_IndraTests.framework in Frameworks */,
			);
			runOnlyForDeploymentPostprocessing = 0;
		};
		FA2264D825BF020900A7F018 /* Frameworks */ = {
			isa = PBXFrameworksBuildPhase;
			buildActionMask = 2147483647;
			files = (
				1E232F109D6F75E36380D76F /* Pods_Indra_IndraUITests.framework in Frameworks */,
			);
			runOnlyForDeploymentPostprocessing = 0;
		};
/* End PBXFrameworksBuildPhase section */

/* Begin PBXGroup section */
		287C2649C7297BEA5D081AE7 /* Pods */ = {
			isa = PBXGroup;
			children = (
				0F2197D89CD9CA02EB55B483 /* Pods-Indra.debug.xcconfig */,
				74AFAFC6391952CD6039956F /* Pods-Indra.release.xcconfig */,
				93BBFB7B2AC5AF872BD10871 /* Pods-Indra-IndraUITests.debug.xcconfig */,
				A056B0147F8FDB0B93228824 /* Pods-Indra-IndraUITests.release.xcconfig */,
				C5BF4BCCC21B0BD22D3AF0F3 /* Pods-IndraTests.debug.xcconfig */,
				2D2F212702DD14C1552A4F34 /* Pods-IndraTests.release.xcconfig */,
			);
			path = Pods;
			sourceTree = "<group>";
		};
		767E921543C8B7B14C3E799B /* Frameworks */ = {
			isa = PBXGroup;
			children = (
				8B01D0D2C984019693F78275 /* Pods_Indra.framework */,
				B7C7B12094BA4E02BA2C2FBE /* Pods_Indra_IndraUITests.framework */,
				7D6395CE3F0157EEE52CAC78 /* Pods_IndraTests.framework */,
			);
			name = Frameworks;
			sourceTree = "<group>";
		};
		FA2264AE25BF020300A7F018 = {
			isa = PBXGroup;
			children = (
				FA2264B925BF020300A7F018 /* Indra */,
				FA2264D325BF020900A7F018 /* IndraTests */,
				FA2264DE25BF020900A7F018 /* IndraUITests */,
				FA2264B825BF020300A7F018 /* Products */,
				287C2649C7297BEA5D081AE7 /* Pods */,
				767E921543C8B7B14C3E799B /* Frameworks */,
			);
			sourceTree = "<group>";
		};
		FA2264B825BF020300A7F018 /* Products */ = {
			isa = PBXGroup;
			children = (
				FA2264B725BF020300A7F018 /* Indra.app */,
				FA2264D025BF020900A7F018 /* IndraTests.xctest */,
				FA2264DB25BF020900A7F018 /* IndraUITests.xctest */,
			);
			name = Products;
			sourceTree = "<group>";
		};
		FA2264B925BF020300A7F018 /* Indra */ = {
			isa = PBXGroup;
			children = (
				FA2264F225BF024800A7F018 /* Assets */,
				FA22650925BF1FDB00A7F018 /* Manager */,
				FA2264EE25BF021C00A7F018 /* Model */,
				FA2264EF25BF022100A7F018 /* ViewModel */,
				FA2264ED25BF021800A7F018 /* View */,
				FA2264BA25BF020300A7F018 /* AppDelegate.swift */,
				FA2264BC25BF020300A7F018 /* SceneDelegate.swift */,
				FA2264CB25BF020900A7F018 /* Info.plist */,
				FA2264C325BF020400A7F018 /* Indra.xcdatamodeld */,
			);
			path = Indra;
			sourceTree = "<group>";
		};
		FA2264D325BF020900A7F018 /* IndraTests */ = {
			isa = PBXGroup;
			children = (
				FA2264D425BF020900A7F018 /* IndraTests.swift */,
				FA2264D625BF020900A7F018 /* Info.plist */,
			);
			path = IndraTests;
			sourceTree = "<group>";
		};
		FA2264DE25BF020900A7F018 /* IndraUITests */ = {
			isa = PBXGroup;
			children = (
				FA2264DF25BF020900A7F018 /* IndraUITests.swift */,
				FA2264E125BF020900A7F018 /* Info.plist */,
			);
			path = IndraUITests;
			sourceTree = "<group>";
		};
		FA2264ED25BF021800A7F018 /* View */ = {
			isa = PBXGroup;
			children = (
				FA2264F025BF022C00A7F018 /* Controller */,
				FA22650525BF1A6600A7F018 /* DBBaseViewController.swift */,
			);
			path = View;
			sourceTree = "<group>";
		};
		FA2264EE25BF021C00A7F018 /* Model */ = {
			isa = PBXGroup;
			children = (
				FA22651325BF272000A7F018 /* DBMovies.swift */,
				FA22652C25BF464600A7F018 /* DBItem.swift */,
			);
			path = Model;
			sourceTree = "<group>";
		};
		FA2264EF25BF022100A7F018 /* ViewModel */ = {
			isa = PBXGroup;
			children = (
				FA22652825BF44FE00A7F018 /* Movies */,
			);
			path = ViewModel;
			sourceTree = "<group>";
		};
		FA2264F025BF022C00A7F018 /* Controller */ = {
			isa = PBXGroup;
			children = (
				FA2264F925BF087C00A7F018 /* Movies */,
				FA2264F125BF023700A7F018 /* Main */,
			);
			path = Controller;
			sourceTree = "<group>";
		};
		FA2264F125BF023700A7F018 /* Main */ = {
			isa = PBXGroup;
			children = (
				FA22651925BF2F0200A7F018 /* ViewController.swift */,
				FA22651725BF2EFB00A7F018 /* Main.storyboard */,
				FA2264C825BF020900A7F018 /* LaunchScreen.storyboard */,
			);
			path = Main;
			sourceTree = "<group>";
		};
		FA2264F225BF024800A7F018 /* Assets */ = {
			isa = PBXGroup;
			children = (
				FA2264C625BF020900A7F018 /* Assets.xcassets */,
			);
			path = Assets;
			sourceTree = "<group>";
		};
		FA2264F925BF087C00A7F018 /* Movies */ = {
			isa = PBXGroup;
			children = (
				FA22652A25BF451100A7F018 /* List */,
				FA22652B25BF451700A7F018 /* Detail */,
				FA2264FE25BF091E00A7F018 /* DBMoviesTableViewController.storyboard */,
			);
			path = Movies;
			sourceTree = "<group>";
		};
		FA22650925BF1FDB00A7F018 /* Manager */ = {
			isa = PBXGroup;
			children = (
				FA22650E25BF207300A7F018 /* NetWorking */,
			);
			path = Manager;
			sourceTree = "<group>";
		};
		FA22650E25BF207300A7F018 /* NetWorking */ = {
			isa = PBXGroup;
			children = (
				FA22650C25BF206E00A7F018 /* DBWebService.swift */,
			);
			path = NetWorking;
			sourceTree = "<group>";
		};
		FA22651B25BF393900A7F018 /* Cells */ = {
			isa = PBXGroup;
			children = (
				FA22651C25BF395400A7F018 /* DBMovieTableViewCell.swift */,
			);
			path = Cells;
			sourceTree = "<group>";
		};
		FA22652725BF44F500A7F018 /* Detail */ = {
			isa = PBXGroup;
			children = (
				FA22652525BF44EE00A7F018 /* DBMovieDetailViewModelController.swift */,
			);
			path = Detail;
			sourceTree = "<group>";
		};
		FA22652825BF44FE00A7F018 /* Movies */ = {
			isa = PBXGroup;
			children = (
				FA22652925BF450400A7F018 /* List */,
				FA22652725BF44F500A7F018 /* Detail */,
			);
			path = Movies;
			sourceTree = "<group>";
		};
		FA22652925BF450400A7F018 /* List */ = {
			isa = PBXGroup;
			children = (
				FA22650A25BF203700A7F018 /* DBMoviesViewModel.swift */,
				FA22651525BF2A6200A7F018 /* DBMoviesViewModelController.swift */,
			);
			path = List;
			sourceTree = "<group>";
		};
		FA22652A25BF451100A7F018 /* List */ = {
			isa = PBXGroup;
			children = (
				FA22651B25BF393900A7F018 /* Cells */,
				FA2264FC25BF090700A7F018 /* DBMoviesTableViewController.swift */,
			);
			path = List;
			sourceTree = "<group>";
		};
		FA22652B25BF451700A7F018 /* Detail */ = {
			isa = PBXGroup;
			children = (
				FA22652E25BF54E900A7F018 /* Cells */,
				FA22650725BF1E4000A7F018 /* DBMovieDetailCollectionViewController.swift */,
			);
			path = Detail;
			sourceTree = "<group>";
		};
		FA22652E25BF54E900A7F018 /* Cells */ = {
			isa = PBXGroup;
			children = (
				FA22652325BF447E00A7F018 /* DBMovieDetailCollectionViewCell.swift */,
			);
			path = Cells;
			sourceTree = "<group>";
		};
/* End PBXGroup section */

/* Begin PBXNativeTarget section */
		FA2264B625BF020300A7F018 /* Indra */ = {
			isa = PBXNativeTarget;
			buildConfigurationList = FA2264E425BF020900A7F018 /* Build configuration list for PBXNativeTarget "Indra" */;
			buildPhases = (
				280B63B8558DED6958679FB0 /* [CP] Check Pods Manifest.lock */,
				FA2264B325BF020300A7F018 /* Sources */,
				FA2264B425BF020300A7F018 /* Frameworks */,
				FA2264B525BF020300A7F018 /* Resources */,
				649379416B7ACFDE409E4A5D /* [CP] Embed Pods Frameworks */,
			);
			buildRules = (
			);
			dependencies = (
			);
			name = Indra;
			productName = Indra;
			productReference = FA2264B725BF020300A7F018 /* Indra.app */;
			productType = "com.apple.product-type.application";
		};
		FA2264CF25BF020900A7F018 /* IndraTests */ = {
			isa = PBXNativeTarget;
			buildConfigurationList = FA2264E725BF020900A7F018 /* Build configuration list for PBXNativeTarget "IndraTests" */;
			buildPhases = (
				3B59B6151DE90DF6B7E5047C /* [CP] Check Pods Manifest.lock */,
				FA2264CC25BF020900A7F018 /* Sources */,
				FA2264CD25BF020900A7F018 /* Frameworks */,
				FA2264CE25BF020900A7F018 /* Resources */,
			);
			buildRules = (
			);
			dependencies = (
				FA2264D225BF020900A7F018 /* PBXTargetDependency */,
			);
			name = IndraTests;
			productName = IndraTests;
			productReference = FA2264D025BF020900A7F018 /* IndraTests.xctest */;
			productType = "com.apple.product-type.bundle.unit-test";
		};
		FA2264DA25BF020900A7F018 /* IndraUITests */ = {
			isa = PBXNativeTarget;
			buildConfigurationList = FA2264EA25BF020900A7F018 /* Build configuration list for PBXNativeTarget "IndraUITests" */;
			buildPhases = (
				F0A42B1A06D75291FD98C70C /* [CP] Check Pods Manifest.lock */,
				FA2264D725BF020900A7F018 /* Sources */,
				FA2264D825BF020900A7F018 /* Frameworks */,
				FA2264D925BF020900A7F018 /* Resources */,
				5E3DB2ABE80280CB7F10AC6E /* [CP] Embed Pods Frameworks */,
			);
			buildRules = (
			);
			dependencies = (
				FA2264DD25BF020900A7F018 /* PBXTargetDependency */,
			);
			name = IndraUITests;
			productName = IndraUITests;
			productReference = FA2264DB25BF020900A7F018 /* IndraUITests.xctest */;
			productType = "com.apple.product-type.bundle.ui-testing";
		};
/* End PBXNativeTarget section */

/* Begin PBXProject section */
		FA2264AF25BF020300A7F018 /* Project object */ = {
			isa = PBXProject;
			attributes = {
				CLASSPREFIX = DB;
				LastSwiftUpdateCheck = 1150;
				LastUpgradeCheck = 1150;
				ORGANIZATIONNAME = derlys;
				TargetAttributes = {
					FA2264B625BF020300A7F018 = {
						CreatedOnToolsVersion = 11.5;
					};
					FA2264CF25BF020900A7F018 = {
						CreatedOnToolsVersion = 11.5;
						TestTargetID = FA2264B625BF020300A7F018;
					};
					FA2264DA25BF020900A7F018 = {
						CreatedOnToolsVersion = 11.5;
						TestTargetID = FA2264B625BF020300A7F018;
					};
				};
			};
			buildConfigurationList = FA2264B225BF020300A7F018 /* Build configuration list for PBXProject "Indra" */;
			compatibilityVersion = "Xcode 9.3";
			developmentRegion = en;
			hasScannedForEncodings = 0;
			knownRegions = (
				en,
				Base,
			);
			mainGroup = FA2264AE25BF020300A7F018;
			productRefGroup = FA2264B825BF020300A7F018 /* Products */;
			projectDirPath = "";
			projectRoot = "";
			targets = (
				FA2264B625BF020300A7F018 /* Indra */,
				FA2264CF25BF020900A7F018 /* IndraTests */,
				FA2264DA25BF020900A7F018 /* IndraUITests */,
			);
		};
/* End PBXProject section */

/* Begin PBXResourcesBuildPhase section */
		FA2264B525BF020300A7F018 /* Resources */ = {
			isa = PBXResourcesBuildPhase;
			buildActionMask = 2147483647;
			files = (
				FA2264CA25BF020900A7F018 /* LaunchScreen.storyboard in Resources */,
				FA22651825BF2EFC00A7F018 /* Main.storyboard in Resources */,
				FA2264C725BF020900A7F018 /* Assets.xcassets in Resources */,
				FA2264FF25BF091E00A7F018 /* DBMoviesTableViewController.storyboard in Resources */,
			);
			runOnlyForDeploymentPostprocessing = 0;
		};
		FA2264CE25BF020900A7F018 /* Resources */ = {
			isa = PBXResourcesBuildPhase;
			buildActionMask = 2147483647;
			files = (
			);
			runOnlyForDeploymentPostprocessing = 0;
		};
		FA2264D925BF020900A7F018 /* Resources */ = {
			isa = PBXResourcesBuildPhase;
			buildActionMask = 2147483647;
			files = (
			);
			runOnlyForDeploymentPostprocessing = 0;
		};
/* End PBXResourcesBuildPhase section */

/* Begin PBXShellScriptBuildPhase section */
		280B63B8558DED6958679FB0 /* [CP] Check Pods Manifest.lock */ = {
			isa = PBXShellScriptBuildPhase;
			buildActionMask = 2147483647;
			files = (
			);
			inputFileListPaths = (
			);
			inputPaths = (
				"${PODS_PODFILE_DIR_PATH}/Podfile.lock",
				"${PODS_ROOT}/Manifest.lock",
			);
			name = "[CP] Check Pods Manifest.lock";
			outputFileListPaths = (
			);
			outputPaths = (
				"$(DERIVED_FILE_DIR)/Pods-Indra-checkManifestLockResult.txt",
			);
			runOnlyForDeploymentPostprocessing = 0;
			shellPath = /bin/sh;
			shellScript = "diff \"${PODS_PODFILE_DIR_PATH}/Podfile.lock\" \"${PODS_ROOT}/Manifest.lock\" > /dev/null\nif [ $? != 0 ] ; then\n    # print error to STDERR\n    echo \"error: The sandbox is not in sync with the Podfile.lock. Run 'pod install' or update your CocoaPods installation.\" >&2\n    exit 1\nfi\n# This output is used by Xcode 'outputs' to avoid re-running this script phase.\necho \"SUCCESS\" > \"${SCRIPT_OUTPUT_FILE_0}\"\n";
			showEnvVarsInLog = 0;
		};
		3B59B6151DE90DF6B7E5047C /* [CP] Check Pods Manifest.lock */ = {
			isa = PBXShellScriptBuildPhase;
			buildActionMask = 2147483647;
			files = (
			);
			inputFileListPaths = (
			);
			inputPaths = (
				"${PODS_PODFILE_DIR_PATH}/Podfile.lock",
				"${PODS_ROOT}/Manifest.lock",
			);
			name = "[CP] Check Pods Manifest.lock";
			outputFileListPaths = (
			);
			outputPaths = (
				"$(DERIVED_FILE_DIR)/Pods-IndraTests-checkManifestLockResult.txt",
			);
			runOnlyForDeploymentPostprocessing = 0;
			shellPath = /bin/sh;
			shellScript = "diff \"${PODS_PODFILE_DIR_PATH}/Podfile.lock\" \"${PODS_ROOT}/Manifest.lock\" > /dev/null\nif [ $? != 0 ] ; then\n    # print error to STDERR\n    echo \"error: The sandbox is not in sync with the Podfile.lock. Run 'pod install' or update your CocoaPods installation.\" >&2\n    exit 1\nfi\n# This output is used by Xcode 'outputs' to avoid re-running this script phase.\necho \"SUCCESS\" > \"${SCRIPT_OUTPUT_FILE_0}\"\n";
			showEnvVarsInLog = 0;
		};
		5E3DB2ABE80280CB7F10AC6E /* [CP] Embed Pods Frameworks */ = {
			isa = PBXShellScriptBuildPhase;
			buildActionMask = 2147483647;
			files = (
			);
			inputFileListPaths = (
				"${PODS_ROOT}/Target Support Files/Pods-Indra-IndraUITests/Pods-Indra-IndraUITests-frameworks-${CONFIGURATION}-input-files.xcfilelist",
			);
			name = "[CP] Embed Pods Frameworks";
			outputFileListPaths = (
				"${PODS_ROOT}/Target Support Files/Pods-Indra-IndraUITests/Pods-Indra-IndraUITests-frameworks-${CONFIGURATION}-output-files.xcfilelist",
			);
			runOnlyForDeploymentPostprocessing = 0;
			shellPath = /bin/sh;
			shellScript = "\"${PODS_ROOT}/Target Support Files/Pods-Indra-IndraUITests/Pods-Indra-IndraUITests-frameworks.sh\"\n";
			showEnvVarsInLog = 0;
		};
		649379416B7ACFDE409E4A5D /* [CP] Embed Pods Frameworks */ = {
			isa = PBXShellScriptBuildPhase;
			buildActionMask = 2147483647;
			files = (
			);
			inputFileListPaths = (
				"${PODS_ROOT}/Target Support Files/Pods-Indra/Pods-Indra-frameworks-${CONFIGURATION}-input-files.xcfilelist",
			);
			name = "[CP] Embed Pods Frameworks";
			outputFileListPaths = (
				"${PODS_ROOT}/Target Support Files/Pods-Indra/Pods-Indra-frameworks-${CONFIGURATION}-output-files.xcfilelist",
			);
			runOnlyForDeploymentPostprocessing = 0;
			shellPath = /bin/sh;
			shellScript = "\"${PODS_ROOT}/Target Support Files/Pods-Indra/Pods-Indra-frameworks.sh\"\n";
			showEnvVarsInLog = 0;
		};
		F0A42B1A06D75291FD98C70C /* [CP] Check Pods Manifest.lock */ = {
			isa = PBXShellScriptBuildPhase;
			buildActionMask = 2147483647;
			files = (
			);
			inputFileListPaths = (
			);
			inputPaths = (
				"${PODS_PODFILE_DIR_PATH}/Podfile.lock",
				"${PODS_ROOT}/Manifest.lock",
			);
			name = "[CP] Check Pods Manifest.lock";
			outputFileListPaths = (
			);
			outputPaths = (
				"$(DERIVED_FILE_DIR)/Pods-Indra-IndraUITests-checkManifestLockResult.txt",
			);
			runOnlyForDeploymentPostprocessing = 0;
			shellPath = /bin/sh;
			shellScript = "diff \"${PODS_PODFILE_DIR_PATH}/Podfile.lock\" \"${PODS_ROOT}/Manifest.lock\" > /dev/null\nif [ $? != 0 ] ; then\n    # print error to STDERR\n    echo \"error: The sandbox is not in sync with the Podfile.lock. Run 'pod install' or update your CocoaPods installation.\" >&2\n    exit 1\nfi\n# This output is used by Xcode 'outputs' to avoid re-running this script phase.\necho \"SUCCESS\" > \"${SCRIPT_OUTPUT_FILE_0}\"\n";
			showEnvVarsInLog = 0;
		};
/* End PBXShellScriptBuildPhase section */

/* Begin PBXSourcesBuildPhase section */
		FA2264B325BF020300A7F018 /* Sources */ = {
			isa = PBXSourcesBuildPhase;
			buildActionMask = 2147483647;
			files = (
				FA2264C525BF020400A7F018 /* Indra.xcdatamodeld in Sources */,
				FA22650B25BF203700A7F018 /* DBMoviesViewModel.swift in Sources */,
				FA22650625BF1A6600A7F018 /* DBBaseViewController.swift in Sources */,
				FA22652425BF447E00A7F018 /* DBMovieDetailCollectionViewCell.swift in Sources */,
				FA22651625BF2A6200A7F018 /* DBMoviesViewModelController.swift in Sources */,
				FA22650D25BF206E00A7F018 /* DBWebService.swift in Sources */,
				FA2264BB25BF020300A7F018 /* AppDelegate.swift in Sources */,
				FA22651A25BF2F0200A7F018 /* ViewController.swift in Sources */,
				FA22652625BF44EE00A7F018 /* DBMovieDetailViewModelController.swift in Sources */,
				FA22652D25BF464600A7F018 /* DBItem.swift in Sources */,
				FA22651425BF272000A7F018 /* DBMovies.swift in Sources */,
				FA2264FD25BF090700A7F018 /* DBMoviesTableViewController.swift in Sources */,
				FA2264BD25BF020300A7F018 /* SceneDelegate.swift in Sources */,
				FA22651D25BF395400A7F018 /* DBMovieTableViewCell.swift in Sources */,
				FA22650825BF1E4000A7F018 /* DBMovieDetailCollectionViewController.swift in Sources */,
			);
			runOnlyForDeploymentPostprocessing = 0;
		};
		FA2264CC25BF020900A7F018 /* Sources */ = {
			isa = PBXSourcesBuildPhase;
			buildActionMask = 2147483647;
			files = (
				FA2264D525BF020900A7F018 /* IndraTests.swift in Sources */,
			);
			runOnlyForDeploymentPostprocessing = 0;
		};
		FA2264D725BF020900A7F018 /* Sources */ = {
			isa = PBXSourcesBuildPhase;
			buildActionMask = 2147483647;
			files = (
				FA2264E025BF020900A7F018 /* IndraUITests.swift in Sources */,
			);
			runOnlyForDeploymentPostprocessing = 0;
		};
/* End PBXSourcesBuildPhase section */

/* Begin PBXTargetDependency section */
		FA2264D225BF020900A7F018 /* PBXTargetDependency */ = {
			isa = PBXTargetDependency;
			target = FA2264B625BF020300A7F018 /* Indra */;
			targetProxy = FA2264D125BF020900A7F018 /* PBXContainerItemProxy */;
		};
		FA2264DD25BF020900A7F018 /* PBXTargetDependency */ = {
			isa = PBXTargetDependency;
			target = FA2264B625BF020300A7F018 /* Indra */;
			targetProxy = FA2264DC25BF020900A7F018 /* PBXContainerItemProxy */;
		};
/* End PBXTargetDependency section */

/* Begin PBXVariantGroup section */
		FA2264C825BF020900A7F018 /* LaunchScreen.storyboard */ = {
			isa = PBXVariantGroup;
			children = (
				FA2264C925BF020900A7F018 /* Base */,
			);
			name = LaunchScreen.storyboard;
			sourceTree = "<group>";
		};
/* End PBXVariantGroup section */

/* Begin XCBuildConfiguration section */
		FA2264E225BF020900A7F018 /* Debug */ = {
			isa = XCBuildConfiguration;
			buildSettings = {
				ALWAYS_SEARCH_USER_PATHS = NO;
				CLANG_ANALYZER_NONNULL = YES;
				CLANG_ANALYZER_NUMBER_OBJECT_CONVERSION = YES_AGGRESSIVE;
				CLANG_CXX_LANGUAGE_STANDARD = "gnu++14";
				CLANG_CXX_LIBRARY = "libc++";
				CLANG_ENABLE_MODULES = YES;
				CLANG_ENABLE_OBJC_ARC = YES;
				CLANG_ENABLE_OBJC_WEAK = YES;
				CLANG_WARN_BLOCK_CAPTURE_AUTORELEASING = YES;
				CLANG_WARN_BOOL_CONVERSION = YES;
				CLANG_WARN_COMMA = YES;
				CLANG_WARN_CONSTANT_CONVERSION = YES;
				CLANG_WARN_DEPRECATED_OBJC_IMPLEMENTATIONS = YES;
				CLANG_WARN_DIRECT_OBJC_ISA_USAGE = YES_ERROR;
				CLANG_WARN_DOCUMENTATION_COMMENTS = YES;
				CLANG_WARN_EMPTY_BODY = YES;
				CLANG_WARN_ENUM_CONVERSION = YES;
				CLANG_WARN_INFINITE_RECURSION = YES;
				CLANG_WARN_INT_CONVERSION = YES;
				CLANG_WARN_NON_LITERAL_NULL_CONVERSION = YES;
				CLANG_WARN_OBJC_IMPLICIT_RETAIN_SELF = YES;
				CLANG_WARN_OBJC_LITERAL_CONVERSION = YES;
				CLANG_WARN_OBJC_ROOT_CLASS = YES_ERROR;
				CLANG_WARN_RANGE_LOOP_ANALYSIS = YES;
				CLANG_WARN_STRICT_PROTOTYPES = YES;
				CLANG_WARN_SUSPICIOUS_MOVE = YES;
				CLANG_WARN_UNGUARDED_AVAILABILITY = YES_AGGRESSIVE;
				CLANG_WARN_UNREACHABLE_CODE = YES;
				CLANG_WARN__DUPLICATE_METHOD_MATCH = YES;
				COPY_PHASE_STRIP = NO;
				DEBUG_INFORMATION_FORMAT = dwarf;
				ENABLE_STRICT_OBJC_MSGSEND = YES;
				ENABLE_TESTABILITY = YES;
				GCC_C_LANGUAGE_STANDARD = gnu11;
				GCC_DYNAMIC_NO_PIC = NO;
				GCC_NO_COMMON_BLOCKS = YES;
				GCC_OPTIMIZATION_LEVEL = 0;
				GCC_PREPROCESSOR_DEFINITIONS = (
					"DEBUG=1",
					"$(inherited)",
				);
				GCC_WARN_64_TO_32_BIT_CONVERSION = YES;
				GCC_WARN_ABOUT_RETURN_TYPE = YES_ERROR;
				GCC_WARN_UNDECLARED_SELECTOR = YES;
				GCC_WARN_UNINITIALIZED_AUTOS = YES_AGGRESSIVE;
				GCC_WARN_UNUSED_FUNCTION = YES;
				GCC_WARN_UNUSED_VARIABLE = YES;
				IPHONEOS_DEPLOYMENT_TARGET = 13.5;
				MTL_ENABLE_DEBUG_INFO = INCLUDE_SOURCE;
				MTL_FAST_MATH = YES;
				ONLY_ACTIVE_ARCH = YES;
				SDKROOT = iphoneos;
				SWIFT_ACTIVE_COMPILATION_CONDITIONS = DEBUG;
				SWIFT_OPTIMIZATION_LEVEL = "-Onone";
			};
			name = Debug;
		};
		FA2264E325BF020900A7F018 /* Release */ = {
			isa = XCBuildConfiguration;
			buildSettings = {
				ALWAYS_SEARCH_USER_PATHS = NO;
				CLANG_ANALYZER_NONNULL = YES;
				CLANG_ANALYZER_NUMBER_OBJECT_CONVERSION = YES_AGGRESSIVE;
				CLANG_CXX_LANGUAGE_STANDARD = "gnu++14";
				CLANG_CXX_LIBRARY = "libc++";
				CLANG_ENABLE_MODULES = YES;
				CLANG_ENABLE_OBJC_ARC = YES;
				CLANG_ENABLE_OBJC_WEAK = YES;
				CLANG_WARN_BLOCK_CAPTURE_AUTORELEASING = YES;
				CLANG_WARN_BOOL_CONVERSION = YES;
				CLANG_WARN_COMMA = YES;
				CLANG_WARN_CONSTANT_CONVERSION = YES;
				CLANG_WARN_DEPRECATED_OBJC_IMPLEMENTATIONS = YES;
				CLANG_WARN_DIRECT_OBJC_ISA_USAGE = YES_ERROR;
				CLANG_WARN_DOCUMENTATION_COMMENTS = YES;
				CLANG_WARN_EMPTY_BODY = YES;
				CLANG_WARN_ENUM_CONVERSION = YES;
				CLANG_WARN_INFINITE_RECURSION = YES;
				CLANG_WARN_INT_CONVERSION = YES;
				CLANG_WARN_NON_LITERAL_NULL_CONVERSION = YES;
				CLANG_WARN_OBJC_IMPLICIT_RETAIN_SELF = YES;
				CLANG_WARN_OBJC_LITERAL_CONVERSION = YES;
				CLANG_WARN_OBJC_ROOT_CLASS = YES_ERROR;
				CLANG_WARN_RANGE_LOOP_ANALYSIS = YES;
				CLANG_WARN_STRICT_PROTOTYPES = YES;
				CLANG_WARN_SUSPICIOUS_MOVE = YES;
				CLANG_WARN_UNGUARDED_AVAILABILITY = YES_AGGRESSIVE;
				CLANG_WARN_UNREACHABLE_CODE = YES;
				CLANG_WARN__DUPLICATE_METHOD_MATCH = YES;
				COPY_PHASE_STRIP = NO;
				DEBUG_INFORMATION_FORMAT = "dwarf-with-dsym";
				ENABLE_NS_ASSERTIONS = NO;
				ENABLE_STRICT_OBJC_MSGSEND = YES;
				GCC_C_LANGUAGE_STANDARD = gnu11;
				GCC_NO_COMMON_BLOCKS = YES;
				GCC_WARN_64_TO_32_BIT_CONVERSION = YES;
				GCC_WARN_ABOUT_RETURN_TYPE = YES_ERROR;
				GCC_WARN_UNDECLARED_SELECTOR = YES;
				GCC_WARN_UNINITIALIZED_AUTOS = YES_AGGRESSIVE;
				GCC_WARN_UNUSED_FUNCTION = YES;
				GCC_WARN_UNUSED_VARIABLE = YES;
				IPHONEOS_DEPLOYMENT_TARGET = 13.5;
				MTL_ENABLE_DEBUG_INFO = NO;
				MTL_FAST_MATH = YES;
				SDKROOT = iphoneos;
				SWIFT_COMPILATION_MODE = wholemodule;
				SWIFT_OPTIMIZATION_LEVEL = "-O";
				VALIDATE_PRODUCT = YES;
			};
			name = Release;
		};
		FA2264E525BF020900A7F018 /* Debug */ = {
			isa = XCBuildConfiguration;
			baseConfigurationReference = 0F2197D89CD9CA02EB55B483 /* Pods-Indra.debug.xcconfig */;
			buildSettings = {
				ASSETCATALOG_COMPILER_APPICON_NAME = AppIcon;
				CODE_SIGN_STYLE = Automatic;
				INFOPLIST_FILE = Indra/Info.plist;
				LD_RUNPATH_SEARCH_PATHS = (
					"$(inherited)",
					"@executable_path/Frameworks",
				);
				PRODUCT_BUNDLE_IDENTIFIER = com.derlys.Indra;
				PRODUCT_NAME = "$(TARGET_NAME)";
				SWIFT_VERSION = 5.0;
				TARGETED_DEVICE_FAMILY = "1,2";
			};
			name = Debug;
		};
		FA2264E625BF020900A7F018 /* Release */ = {
			isa = XCBuildConfiguration;
			baseConfigurationReference = 74AFAFC6391952CD6039956F /* Pods-Indra.release.xcconfig */;
			buildSettings = {
				ASSETCATALOG_COMPILER_APPICON_NAME = AppIcon;
				CODE_SIGN_STYLE = Automatic;
				INFOPLIST_FILE = Indra/Info.plist;
				LD_RUNPATH_SEARCH_PATHS = (
					"$(inherited)",
					"@executable_path/Frameworks",
				);
				PRODUCT_BUNDLE_IDENTIFIER = com.derlys.Indra;
				PRODUCT_NAME = "$(TARGET_NAME)";
				SWIFT_VERSION = 5.0;
				TARGETED_DEVICE_FAMILY = "1,2";
			};
			name = Release;
		};
		FA2264E825BF020900A7F018 /* Debug */ = {
			isa = XCBuildConfiguration;
			baseConfigurationReference = C5BF4BCCC21B0BD22D3AF0F3 /* Pods-IndraTests.debug.xcconfig */;
			buildSettings = {
				ALWAYS_EMBED_SWIFT_STANDARD_LIBRARIES = YES;
				BUNDLE_LOADER = "$(TEST_HOST)";
				CODE_SIGN_STYLE = Automatic;
				INFOPLIST_FILE = IndraTests/Info.plist;
				IPHONEOS_DEPLOYMENT_TARGET = 13.5;
				LD_RUNPATH_SEARCH_PATHS = (
					"$(inherited)",
					"@executable_path/Frameworks",
					"@loader_path/Frameworks",
				);
				PRODUCT_BUNDLE_IDENTIFIER = com.derlys.IndraTests;
				PRODUCT_NAME = "$(TARGET_NAME)";
				SWIFT_VERSION = 5.0;
				TARGETED_DEVICE_FAMILY = "1,2";
				TEST_HOST = "$(BUILT_PRODUCTS_DIR)/Indra.app/Indra";
			};
			name = Debug;
		};
		FA2264E925BF020900A7F018 /* Release */ = {
			isa = XCBuildConfiguration;
			baseConfigurationReference = 2D2F212702DD14C1552A4F34 /* Pods-IndraTests.release.xcconfig */;
			buildSettings = {
				ALWAYS_EMBED_SWIFT_STANDARD_LIBRARIES = YES;
				BUNDLE_LOADER = "$(TEST_HOST)";
				CODE_SIGN_STYLE = Automatic;
				INFOPLIST_FILE = IndraTests/Info.plist;
				IPHONEOS_DEPLOYMENT_TARGET = 13.5;
				LD_RUNPATH_SEARCH_PATHS = (
					"$(inherited)",
					"@executable_path/Frameworks",
					"@loader_path/Frameworks",
				);
				PRODUCT_BUNDLE_IDENTIFIER = com.derlys.IndraTests;
				PRODUCT_NAME = "$(TARGET_NAME)";
				SWIFT_VERSION = 5.0;
				TARGETED_DEVICE_FAMILY = "1,2";
				TEST_HOST = "$(BUILT_PRODUCTS_DIR)/Indra.app/Indra";
			};
			name = Release;
		};
		FA2264EB25BF020900A7F018 /* Debug */ = {
			isa = XCBuildConfiguration;
			baseConfigurationReference = 93BBFB7B2AC5AF872BD10871 /* Pods-Indra-IndraUITests.debug.xcconfig */;
			buildSettings = {
				ALWAYS_EMBED_SWIFT_STANDARD_LIBRARIES = YES;
				CODE_SIGN_STYLE = Automatic;
				INFOPLIST_FILE = IndraUITests/Info.plist;
				LD_RUNPATH_SEARCH_PATHS = (
					"$(inherited)",
					"@executable_path/Frameworks",
					"@loader_path/Frameworks",
				);
				PRODUCT_BUNDLE_IDENTIFIER = com.derlys.IndraUITests;
				PRODUCT_NAME = "$(TARGET_NAME)";
				SWIFT_VERSION = 5.0;
				TARGETED_DEVICE_FAMILY = "1,2";
				TEST_TARGET_NAME = Indra;
			};
			name = Debug;
		};
		FA2264EC25BF020900A7F018 /* Release */ = {
			isa = XCBuildConfiguration;
			baseConfigurationReference = A056B0147F8FDB0B93228824 /* Pods-Indra-IndraUITests.release.xcconfig */;
			buildSettings = {
				ALWAYS_EMBED_SWIFT_STANDARD_LIBRARIES = YES;
				CODE_SIGN_STYLE = Automatic;
				INFOPLIST_FILE = IndraUITests/Info.plist;
				LD_RUNPATH_SEARCH_PATHS = (
					"$(inherited)",
					"@executable_path/Frameworks",
					"@loader_path/Frameworks",
				);
				PRODUCT_BUNDLE_IDENTIFIER = com.derlys.IndraUITests;
				PRODUCT_NAME = "$(TARGET_NAME)";
				SWIFT_VERSION = 5.0;
				TARGETED_DEVICE_FAMILY = "1,2";
				TEST_TARGET_NAME = Indra;
			};
			name = Release;
		};
/* End XCBuildConfiguration section */

/* Begin XCConfigurationList section */
		FA2264B225BF020300A7F018 /* Build configuration list for PBXProject "Indra" */ = {
			isa = XCConfigurationList;
			buildConfigurations = (
				FA2264E225BF020900A7F018 /* Debug */,
				FA2264E325BF020900A7F018 /* Release */,
			);
			defaultConfigurationIsVisible = 0;
			defaultConfigurationName = Release;
		};
		FA2264E425BF020900A7F018 /* Build configuration list for PBXNativeTarget "Indra" */ = {
			isa = XCConfigurationList;
			buildConfigurations = (
				FA2264E525BF020900A7F018 /* Debug */,
				FA2264E625BF020900A7F018 /* Release */,
			);
			defaultConfigurationIsVisible = 0;
			defaultConfigurationName = Release;
		};
		FA2264E725BF020900A7F018 /* Build configuration list for PBXNativeTarget "IndraTests" */ = {
			isa = XCConfigurationList;
			buildConfigurations = (
				FA2264E825BF020900A7F018 /* Debug */,
				FA2264E925BF020900A7F018 /* Release */,
			);
			defaultConfigurationIsVisible = 0;
			defaultConfigurationName = Release;
		};
		FA2264EA25BF020900A7F018 /* Build configuration list for PBXNativeTarget "IndraUITests" */ = {
			isa = XCConfigurationList;
			buildConfigurations = (
				FA2264EB25BF020900A7F018 /* Debug */,
				FA2264EC25BF020900A7F018 /* Release */,
			);
			defaultConfigurationIsVisible = 0;
			defaultConfigurationName = Release;
		};
/* End XCConfigurationList section */

/* Begin XCVersionGroup section */
		FA2264C325BF020400A7F018 /* Indra.xcdatamodeld */ = {
			isa = XCVersionGroup;
			children = (
				FA2264C425BF020400A7F018 /* Indra.xcdatamodel */,
			);
			currentVersion = FA2264C425BF020400A7F018 /* Indra.xcdatamodel */;
			path = Indra.xcdatamodeld;
			sourceTree = "<group>";
			versionGroupType = wrapper.xcdatamodel;
		};
/* End XCVersionGroup section */
	};
	rootObject = FA2264AF25BF020300A7F018 /* Project object */;
}
